Microsoft Visual Studio Solution File, Format Version 10.00
# Visual Studio 2008
Project("{8BC9CEB8-8B4A-11D0-8D11-00A0C91BC942}") = "dboxfeassistant", "assistant\dboxfeassistant.vcproj", "{030EE012-8ACA-3C51-BA6F-6EE583C37796}"
EndProject
Project("{8BC9CEB8-8B4A-11D0-8D11-00A0C91BC942}") = "dboxfetray", "tray\dboxfetray.vcproj", "{2EDF7CF8-BEC4-3844-8CE5-A26B4F578913}"
EndProject
Global
	GlobalSection(SolutionConfigurationPlatforms) = preSolution
		Debug|Win32 = Debug|Win32
		Release|Win32 = Release|Win32
	EndGlobalSection
	GlobalSection(ProjectConfigurationPlatforms) = postSolution
		{030EE012-8ACA-3C51-BA6F-6EE583C37796}.Debug|Win32.ActiveCfg = Debug|Win32
		{030EE012-8ACA-3C51-BA6F-6EE583C37796}.Debug|Win32.Build.0 = Debug|Win32
		{030EE012-8ACA-3C51-BA6F-6EE583C37796}.Release|Win32.ActiveCfg = Release|Win32
		{030EE012-8ACA-3C51-BA6F-6EE583C37796}.Release|Win32.Build.0 = Release|Win32
		{2EDF7CF8-BEC4-3844-8CE5-A26B4F578913}.Debug|Win32.ActiveCfg = Debug|Win32
		{2EDF7CF8-BEC4-3844-8CE5-A26B4F578913}.Debug|Win32.Build.0 = Debug|Win32
		{2EDF7CF8-BEC4-3844-8CE5-A26B4F578913}.Release|Win32.ActiveCfg = Release|Win32
		{2EDF7CF8-BEC4-3844-8CE5-A26B4F578913}.Release|Win32.Build.0 = Release|Win32
	EndGlobalSection
	GlobalSection(SolutionProperties) = preSolution
		HideSolutionNode = FALSE
	EndGlobalSection
EndGlobal
